
Microsoft Visual Studio Solution File, Format Version 12.00
# Visual Studio 2013
VisualStudioVersion = 12.0.31101.0
MinimumVisualStudioVersion = 10.0.40219.1
Project("{FAE04EC0-301F-11D3-BF4B-00C04F79EFBC}") = "Shop.Core", "Shop.Core\Shop.Core.csproj", "{678E2134-A392-4EC2-85F0-07F4DF55F538}"
EndProject
Project("{FAE04EC0-301F-11D3-BF4B-00C04F79EFBC}") = "Shop.Web", "Shop.Wex\Shop.Web.csproj", "{2A1E8684-852E-4127-B0DD-9A4438948BCD}"
EndProject
Global
	GlobalSection(SolutionConfigurationPlatforms) = preSolution
		Debug|Any CPU = Debug|Any CPU
		Release|Any CPU = Release|Any CPU
	EndGlobalSection
	GlobalSection(ProjectConfigurationPlatforms) = postSolution
		{678E2134-A392-4EC2-85F0-07F4DF55F538}.Debug|Any CPU.ActiveCfg = Debug|Any CPU
		{678E2134-A392-4EC2-85F0-07F4DF55F538}.Debug|Any CPU.Build.0 = Debug|Any CPU
		{678E2134-A392-4EC2-85F0-07F4DF55F538}.Release|Any CPU.ActiveCfg = Release|Any CPU
		{678E2134-A392-4EC2-85F0-07F4DF55F538}.Release|Any CPU.Build.0 = Release|Any CPU
		{2A1E8684-852E-4127-B0DD-9A4438948BCD}.Debug|Any CPU.ActiveCfg = Debug|Any CPU
		{2A1E8684-852E-4127-B0DD-9A4438948BCD}.Debug|Any CPU.Build.0 = Debug|Any CPU
		{2A1E8684-852E-4127-B0DD-9A4438948BCD}.Release|Any CPU.ActiveCfg = Release|Any CPU
		{2A1E8684-852E-4127-B0DD-9A4438948BCD}.Release|Any CPU.Build.0 = Release|Any CPU
	EndGlobalSection
	GlobalSection(SolutionProperties) = preSolution
		HideSolutionNode = FALSE
	EndGlobalSection
EndGlobal
