
Microsoft Visual Studio Solution File, Format Version 12.00
# Visual Studio 2012
Project("{FAE04EC0-301F-11D3-BF4B-00C04F79EFBC}") = "Shop.Web", "Shop.Web\Shop.Web.csproj", "{9750344C-DD91-401D-8A4C-9E9EA73542DB}"
EndProject
Project("{FAE04EC0-301F-11D3-BF4B-00C04F79EFBC}") = "Shop.Core", "Shop.Core\Shop.Core.csproj", "{678E2134-A392-4EC2-85F0-07F4DF55F538}"
EndProject
Global
	GlobalSection(SolutionConfigurationPlatforms) = preSolution
		Debug|Any CPU = Debug|Any CPU
		Release|Any CPU = Release|Any CPU
	EndGlobalSection
	GlobalSection(ProjectConfigurationPlatforms) = postSolution
		{9750344C-DD91-401D-8A4C-9E9EA73542DB}.Debug|Any CPU.ActiveCfg = Debug|Any CPU
		{9750344C-DD91-401D-8A4C-9E9EA73542DB}.Debug|Any CPU.Build.0 = Debug|Any CPU
		{9750344C-DD91-401D-8A4C-9E9EA73542DB}.Release|Any CPU.ActiveCfg = Release|Any CPU
		{9750344C-DD91-401D-8A4C-9E9EA73542DB}.Release|Any CPU.Build.0 = Release|Any CPU
		{678E2134-A392-4EC2-85F0-07F4DF55F538}.Debug|Any CPU.ActiveCfg = Debug|Any CPU
		{678E2134-A392-4EC2-85F0-07F4DF55F538}.Debug|Any CPU.Build.0 = Debug|Any CPU
		{678E2134-A392-4EC2-85F0-07F4DF55F538}.Release|Any CPU.ActiveCfg = Release|Any CPU
		{678E2134-A392-4EC2-85F0-07F4DF55F538}.Release|Any CPU.Build.0 = Release|Any CPU
	EndGlobalSection
	GlobalSection(SolutionProperties) = preSolution
		HideSolutionNode = FALSE
	EndGlobalSection
EndGlobal
